// !$*UTF8*$!
{
	archiveVersion = 1;
	classes = {
	};
	objectVersion = 56;
	objects = {

/* Begin PBXBuildFile section */
		138C2DBD2A30C0FD00F5FB40 /* ChatCell.swift in Sources */ = {isa = PBXBuildFile; fileRef = 138C2DBC2A30C0FD00F5FB40 /* ChatCell.swift */; };
		138C2DC02A30D51100F5FB40 /* ChatModel.swift in Sources */ = {isa = PBXBuildFile; fileRef = 138C2DBF2A30D51100F5FB40 /* ChatModel.swift */; };
		138C2DC32A30FD0900F5FB40 /* ChatViewModel.swift in Sources */ = {isa = PBXBuildFile; fileRef = 138C2DC22A30FD0900F5FB40 /* ChatViewModel.swift */; };
		151DB9202A2E50BB00AF3BED /* LoginViewController.swift in Sources */ = {isa = PBXBuildFile; fileRef = 151DB91F2A2E50BB00AF3BED /* LoginViewController.swift */; };
		151DB9232A2E5CBA00AF3BED /* LoginView.swift in Sources */ = {isa = PBXBuildFile; fileRef = 151DB9222A2E5CBA00AF3BED /* LoginView.swift */; };
		151DB9262A2E621F00AF3BED /* LoginHelperView.swift in Sources */ = {isa = PBXBuildFile; fileRef = 151DB9252A2E621F00AF3BED /* LoginHelperView.swift */; };
		151DB9292A2E62BE00AF3BED /* LoginHelperViewDelegate.swift in Sources */ = {isa = PBXBuildFile; fileRef = 151DB9282A2E62BE00AF3BED /* LoginHelperViewDelegate.swift */; };
		151DB92C2A2E70D200AF3BED /* LoginView+Constant.swift in Sources */ = {isa = PBXBuildFile; fileRef = 151DB92B2A2E70D200AF3BED /* LoginView+Constant.swift */; };
		151DB92F2A2E710100AF3BED /* LoginHelperView+Constant.swift in Sources */ = {isa = PBXBuildFile; fileRef = 151DB92E2A2E710100AF3BED /* LoginHelperView+Constant.swift */; };
		152E52472A2BB07C00987CA8 /* AuthenticationTextField.swift in Sources */ = {isa = PBXBuildFile; fileRef = 152E52462A2BB07C00987CA8 /* AuthenticationTextField.swift */; };
		152E524E2A2BB12C00987CA8 /* SignUpViewController.swift in Sources */ = {isa = PBXBuildFile; fileRef = 152E524D2A2BB12C00987CA8 /* SignUpViewController.swift */; };
		152E52512A2BB17C00987CA8 /* AuthenticationTextField+Constant.swift in Sources */ = {isa = PBXBuildFile; fileRef = 152E52502A2BB17C00987CA8 /* AuthenticationTextField+Constant.swift */; };
		152E52572A2BB1D800987CA8 /* UIColor+Palette.swift in Sources */ = {isa = PBXBuildFile; fileRef = 152E52562A2BB1D800987CA8 /* UIColor+Palette.swift */; };
		152E52592A2BB20900987CA8 /* UIColor+Hex.swift in Sources */ = {isa = PBXBuildFile; fileRef = 152E52582A2BB20900987CA8 /* UIColor+Hex.swift */; };
		152E525D2A2BB24400987CA8 /* UISpacing.swift in Sources */ = {isa = PBXBuildFile; fileRef = 152E525C2A2BB24400987CA8 /* UISpacing.swift */; };
		154C67EA2A2E7DBB0043EB35 /* AuthenticationTFRightViewImageCase.swift in Sources */ = {isa = PBXBuildFile; fileRef = 154C67E92A2E7DBB0043EB35 /* AuthenticationTFRightViewImageCase.swift */; };
		154C67ED2A2EF4160043EB35 /* UIView+AnimateShrinkAndBack.swift in Sources */ = {isa = PBXBuildFile; fileRef = 154C67EC2A2EF4160043EB35 /* UIView+AnimateShrinkAndBack.swift */; };
		154C67F32A2EF5A30043EB35 /* UIView+AnimateHalfAlphaAndBack.swift in Sources */ = {isa = PBXBuildFile; fileRef = 154C67F22A2EF5A30043EB35 /* UIView+AnimateHalfAlphaAndBack.swift */; };
		154C67F62A2EF93B0043EB35 /* LoginViewModel.swift in Sources */ = {isa = PBXBuildFile; fileRef = 154C67F52A2EF93B0043EB35 /* LoginViewModel.swift */; };
		154C67F82A2EF97D0043EB35 /* LoginViewModel+Associatedtype.swift in Sources */ = {isa = PBXBuildFile; fileRef = 154C67F72A2EF97D0043EB35 /* LoginViewModel+Associatedtype.swift */; };
		154C67FB2A2EFC660043EB35 /* LoginEntity.swift in Sources */ = {isa = PBXBuildFile; fileRef = 154C67FA2A2EFC660043EB35 /* LoginEntity.swift */; };
		154C67FD2A2EFCA10043EB35 /* LoginConstant.swift in Sources */ = {isa = PBXBuildFile; fileRef = 154C67FC2A2EFCA10043EB35 /* LoginConstant.swift */; };
		15BC45572A04D60100F0EBB1 /* AppDelegate.swift in Sources */ = {isa = PBXBuildFile; fileRef = 15BC45562A04D60100F0EBB1 /* AppDelegate.swift */; };
		15BC45592A04D60100F0EBB1 /* SceneDelegate.swift in Sources */ = {isa = PBXBuildFile; fileRef = 15BC45582A04D60100F0EBB1 /* SceneDelegate.swift */; };
		15BC45602A04D60200F0EBB1 /* Assets.xcassets in Resources */ = {isa = PBXBuildFile; fileRef = 15BC455F2A04D60200F0EBB1 /* Assets.xcassets */; };
		15BC45632A04D60200F0EBB1 /* LaunchScreen.storyboard in Resources */ = {isa = PBXBuildFile; fileRef = 15BC45612A04D60200F0EBB1 /* LaunchScreen.storyboard */; };
		15BC456E2A04D60200F0EBB1 /* StudyMatchingTests.swift in Sources */ = {isa = PBXBuildFile; fileRef = 15BC456D2A04D60200F0EBB1 /* StudyMatchingTests.swift */; };
		15BC45782A04D60200F0EBB1 /* StudyMatchingUITests.swift in Sources */ = {isa = PBXBuildFile; fileRef = 15BC45772A04D60200F0EBB1 /* StudyMatchingUITests.swift */; };
		15BC457A2A04D60200F0EBB1 /* StudyMatchingUITestsLaunchTests.swift in Sources */ = {isa = PBXBuildFile; fileRef = 15BC45792A04D60200F0EBB1 /* StudyMatchingUITestsLaunchTests.swift */; };
		15BC458C2A04D78F00F0EBB1 /* .swiftlint.yml in Resources */ = {isa = PBXBuildFile; fileRef = 15BC458B2A04D78F00F0EBB1 /* .swiftlint.yml */; };
		15BC45912A04D9EE00F0EBB1 /* ConvenienceInit.swift in Sources */ = {isa = PBXBuildFile; fileRef = 15BC45902A04D9EE00F0EBB1 /* ConvenienceInit.swift */; };
		15BC45932A04D9FD00F0EBB1 /* LayoutSupport.swift in Sources */ = {isa = PBXBuildFile; fileRef = 15BC45922A04D9FD00F0EBB1 /* LayoutSupport.swift */; };
		15BC45952A04DA0900F0EBB1 /* ViewModelProtocols.swift in Sources */ = {isa = PBXBuildFile; fileRef = 15BC45942A04DA0900F0EBB1 /* ViewModelProtocols.swift */; };
		15BC45972A04DA3E00F0EBB1 /* UIButton+Combine.swift in Sources */ = {isa = PBXBuildFile; fileRef = 15BC45962A04DA3E00F0EBB1 /* UIButton+Combine.swift */; };
		15BC45992A04DA4800F0EBB1 /* UIControl+Combine.swift in Sources */ = {isa = PBXBuildFile; fileRef = 15BC45982A04DA4800F0EBB1 /* UIControl+Combine.swift */; };
		15BC459B2A04DA5000F0EBB1 /* UIControl+CombineInteraction.swift in Sources */ = {isa = PBXBuildFile; fileRef = 15BC459A2A04DA5000F0EBB1 /* UIControl+CombineInteraction.swift */; };
		15BC459D2A04DA5B00F0EBB1 /* UISwitch+Combine.swift in Sources */ = {isa = PBXBuildFile; fileRef = 15BC459C2A04DA5B00F0EBB1 /* UISwitch+Combine.swift */; };
		15BC459F2A04DA6300F0EBB1 /* UITextField+Combine.swift in Sources */ = {isa = PBXBuildFile; fileRef = 15BC459E2A04DA6300F0EBB1 /* UITextField+Combine.swift */; };
		4B4EE7E82A2F19C300CC62E8 /* StudyPostModel.swift in Sources */ = {isa = PBXBuildFile; fileRef = 4B4EE7E72A2F19C300CC62E8 /* StudyPostModel.swift */; };
		4B7EF31D2A2E2EC000973AAD /* StudyPostCell.swift in Sources */ = {isa = PBXBuildFile; fileRef = 4B7EF31C2A2E2EC000973AAD /* StudyPostCell.swift */; };
		4BA067DD2A2F7D2000D88051 /* AuthenticationTextFieldInputState.swift in Sources */ = {isa = PBXBuildFile; fileRef = 152E52532A2BB1B300987CA8 /* AuthenticationTextFieldInputState.swift */; };
		4BAF57CC2A30E5EF00DF5FF6 /* CommentCell.swift in Sources */ = {isa = PBXBuildFile; fileRef = 4BAF57CB2A30E5EF00DF5FF6 /* CommentCell.swift */; };
		4BCF97E22A2CB42500F46DA1 /* StudyPostViewController.swift in Sources */ = {isa = PBXBuildFile; fileRef = 4BCF97E12A2CB42500F46DA1 /* StudyPostViewController.swift */; };
		4BCF97E62A2CB45A00F46DA1 /* ChatViewController.swift in Sources */ = {isa = PBXBuildFile; fileRef = 4BCF97E52A2CB45A00F46DA1 /* ChatViewController.swift */; };
		4BCF97EA2A2CB49000F46DA1 /* AlertController.swift in Sources */ = {isa = PBXBuildFile; fileRef = 4BCF97E92A2CB49000F46DA1 /* AlertController.swift */; };
		4BCF97EE2A2CB4C300F46DA1 /* ProfileViewController.swift in Sources */ = {isa = PBXBuildFile; fileRef = 4BCF97ED2A2CB4C300F46DA1 /* ProfileViewController.swift */; };
		4BCF97F22A2CB68500F46DA1 /* MainTabBarController.swift in Sources */ = {isa = PBXBuildFile; fileRef = 4BCF97F12A2CB68500F46DA1 /* MainTabBarController.swift */; };
		4BEE7B3F2A2FAF12005759DA /* StudyFeedViewController.swift in Sources */ = {isa = PBXBuildFile; fileRef = 4BEE7B3E2A2FAF12005759DA /* StudyFeedViewController.swift */; };
		4BF7CB332A32151E00247D65 /* CommentModel.swift in Sources */ = {isa = PBXBuildFile; fileRef = 4BF7CB322A32151E00247D65 /* CommentModel.swift */; };
		954B3EB3907231847C684CA5 /* Pods_StudyMatching.framework in Frameworks */ = {isa = PBXBuildFile; fileRef = 2EDE21FB6B04EE8FD95D3374 /* Pods_StudyMatching.framework */; };
/* End PBXBuildFile section */

/* Begin PBXContainerItemProxy section */
		15BC456A2A04D60200F0EBB1 /* PBXContainerItemProxy */ = {
			isa = PBXContainerItemProxy;
			containerPortal = 15BC454B2A04D60100F0EBB1 /* Project object */;
			proxyType = 1;
			remoteGlobalIDString = 15BC45522A04D60100F0EBB1;
			remoteInfo = StudyMatching;
		};
		15BC45742A04D60200F0EBB1 /* PBXContainerItemProxy */ = {
			isa = PBXContainerItemProxy;
			containerPortal = 15BC454B2A04D60100F0EBB1 /* Project object */;
			proxyType = 1;
			remoteGlobalIDString = 15BC45522A04D60100F0EBB1;
			remoteInfo = StudyMatching;
		};
/* End PBXContainerItemProxy section */

/* Begin PBXFileReference section */
		107E61E7D5C0FC965C2D3642 /* Pods-StudyMatching.release.xcconfig */ = {isa = PBXFileReference; includeInIndex = 1; lastKnownFileType = text.xcconfig; name = "Pods-StudyMatching.release.xcconfig"; path = "Target Support Files/Pods-StudyMatching/Pods-StudyMatching.release.xcconfig"; sourceTree = "<group>"; };
		138C2DBC2A30C0FD00F5FB40 /* ChatCell.swift */ = {isa = PBXFileReference; lastKnownFileType = sourcecode.swift; path = ChatCell.swift; sourceTree = "<group>"; };
		138C2DBF2A30D51100F5FB40 /* ChatModel.swift */ = {isa = PBXFileReference; lastKnownFileType = sourcecode.swift; path = ChatModel.swift; sourceTree = "<group>"; };
		138C2DC22A30FD0900F5FB40 /* ChatViewModel.swift */ = {isa = PBXFileReference; lastKnownFileType = sourcecode.swift; path = ChatViewModel.swift; sourceTree = "<group>"; };
		151DB91F2A2E50BB00AF3BED /* LoginViewController.swift */ = {isa = PBXFileReference; lastKnownFileType = sourcecode.swift; path = LoginViewController.swift; sourceTree = "<group>"; };
		151DB9222A2E5CBA00AF3BED /* LoginView.swift */ = {isa = PBXFileReference; lastKnownFileType = sourcecode.swift; path = LoginView.swift; sourceTree = "<group>"; };
		151DB9252A2E621F00AF3BED /* LoginHelperView.swift */ = {isa = PBXFileReference; lastKnownFileType = sourcecode.swift; path = LoginHelperView.swift; sourceTree = "<group>"; };
		151DB9282A2E62BE00AF3BED /* LoginHelperViewDelegate.swift */ = {isa = PBXFileReference; lastKnownFileType = sourcecode.swift; path = LoginHelperViewDelegate.swift; sourceTree = "<group>"; };
		151DB92B2A2E70D200AF3BED /* LoginView+Constant.swift */ = {isa = PBXFileReference; lastKnownFileType = sourcecode.swift; path = "LoginView+Constant.swift"; sourceTree = "<group>"; };
		151DB92E2A2E710100AF3BED /* LoginHelperView+Constant.swift */ = {isa = PBXFileReference; lastKnownFileType = sourcecode.swift; path = "LoginHelperView+Constant.swift"; sourceTree = "<group>"; };
		152E52462A2BB07C00987CA8 /* AuthenticationTextField.swift */ = {isa = PBXFileReference; lastKnownFileType = sourcecode.swift; path = AuthenticationTextField.swift; sourceTree = "<group>"; };
		152E524D2A2BB12C00987CA8 /* SignUpViewController.swift */ = {isa = PBXFileReference; lastKnownFileType = sourcecode.swift; path = SignUpViewController.swift; sourceTree = "<group>"; };
		152E52502A2BB17C00987CA8 /* AuthenticationTextField+Constant.swift */ = {isa = PBXFileReference; lastKnownFileType = sourcecode.swift; path = "AuthenticationTextField+Constant.swift"; sourceTree = "<group>"; };
		152E52532A2BB1B300987CA8 /* AuthenticationTextFieldInputState.swift */ = {isa = PBXFileReference; lastKnownFileType = sourcecode.swift; path = AuthenticationTextFieldInputState.swift; sourceTree = "<group>"; };
		152E52562A2BB1D800987CA8 /* UIColor+Palette.swift */ = {isa = PBXFileReference; lastKnownFileType = sourcecode.swift; path = "UIColor+Palette.swift"; sourceTree = "<group>"; };
		152E52582A2BB20900987CA8 /* UIColor+Hex.swift */ = {isa = PBXFileReference; lastKnownFileType = sourcecode.swift; path = "UIColor+Hex.swift"; sourceTree = "<group>"; };
		152E525C2A2BB24400987CA8 /* UISpacing.swift */ = {isa = PBXFileReference; lastKnownFileType = sourcecode.swift; path = UISpacing.swift; sourceTree = "<group>"; };
		154C67E92A2E7DBB0043EB35 /* AuthenticationTFRightViewImageCase.swift */ = {isa = PBXFileReference; lastKnownFileType = sourcecode.swift; path = AuthenticationTFRightViewImageCase.swift; sourceTree = "<group>"; };
		154C67EC2A2EF4160043EB35 /* UIView+AnimateShrinkAndBack.swift */ = {isa = PBXFileReference; lastKnownFileType = sourcecode.swift; path = "UIView+AnimateShrinkAndBack.swift"; sourceTree = "<group>"; };
		154C67F22A2EF5A30043EB35 /* UIView+AnimateHalfAlphaAndBack.swift */ = {isa = PBXFileReference; lastKnownFileType = sourcecode.swift; path = "UIView+AnimateHalfAlphaAndBack.swift"; sourceTree = "<group>"; };
		154C67F52A2EF93B0043EB35 /* LoginViewModel.swift */ = {isa = PBXFileReference; lastKnownFileType = sourcecode.swift; path = LoginViewModel.swift; sourceTree = "<group>"; };
		154C67F72A2EF97D0043EB35 /* LoginViewModel+Associatedtype.swift */ = {isa = PBXFileReference; lastKnownFileType = sourcecode.swift; path = "LoginViewModel+Associatedtype.swift"; sourceTree = "<group>"; };
		154C67FA2A2EFC660043EB35 /* LoginEntity.swift */ = {isa = PBXFileReference; lastKnownFileType = sourcecode.swift; path = LoginEntity.swift; sourceTree = "<group>"; };
		154C67FC2A2EFCA10043EB35 /* LoginConstant.swift */ = {isa = PBXFileReference; lastKnownFileType = sourcecode.swift; path = LoginConstant.swift; sourceTree = "<group>"; };
		15BC45532A04D60100F0EBB1 /* StudyMatching.app */ = {isa = PBXFileReference; explicitFileType = wrapper.application; includeInIndex = 0; path = StudyMatching.app; sourceTree = BUILT_PRODUCTS_DIR; };
		15BC45562A04D60100F0EBB1 /* AppDelegate.swift */ = {isa = PBXFileReference; lastKnownFileType = sourcecode.swift; path = AppDelegate.swift; sourceTree = "<group>"; };
		15BC45582A04D60100F0EBB1 /* SceneDelegate.swift */ = {isa = PBXFileReference; lastKnownFileType = sourcecode.swift; path = SceneDelegate.swift; sourceTree = "<group>"; };
		15BC455F2A04D60200F0EBB1 /* Assets.xcassets */ = {isa = PBXFileReference; lastKnownFileType = folder.assetcatalog; path = Assets.xcassets; sourceTree = "<group>"; };
		15BC45622A04D60200F0EBB1 /* Base */ = {isa = PBXFileReference; lastKnownFileType = file.storyboard; name = Base; path = Base.lproj/LaunchScreen.storyboard; sourceTree = "<group>"; };
		15BC45642A04D60200F0EBB1 /* Info.plist */ = {isa = PBXFileReference; lastKnownFileType = text.plist.xml; path = Info.plist; sourceTree = "<group>"; };
		15BC45692A04D60200F0EBB1 /* StudyMatchingTests.xctest */ = {isa = PBXFileReference; explicitFileType = wrapper.cfbundle; includeInIndex = 0; path = StudyMatchingTests.xctest; sourceTree = BUILT_PRODUCTS_DIR; };
		15BC456D2A04D60200F0EBB1 /* StudyMatchingTests.swift */ = {isa = PBXFileReference; lastKnownFileType = sourcecode.swift; path = StudyMatchingTests.swift; sourceTree = "<group>"; };
		15BC45732A04D60200F0EBB1 /* StudyMatchingUITests.xctest */ = {isa = PBXFileReference; explicitFileType = wrapper.cfbundle; includeInIndex = 0; path = StudyMatchingUITests.xctest; sourceTree = BUILT_PRODUCTS_DIR; };
		15BC45772A04D60200F0EBB1 /* StudyMatchingUITests.swift */ = {isa = PBXFileReference; lastKnownFileType = sourcecode.swift; path = StudyMatchingUITests.swift; sourceTree = "<group>"; };
		15BC45792A04D60200F0EBB1 /* StudyMatchingUITestsLaunchTests.swift */ = {isa = PBXFileReference; lastKnownFileType = sourcecode.swift; path = StudyMatchingUITestsLaunchTests.swift; sourceTree = "<group>"; };
		15BC458B2A04D78F00F0EBB1 /* .swiftlint.yml */ = {isa = PBXFileReference; lastKnownFileType = text.yaml; path = .swiftlint.yml; sourceTree = "<group>"; };
		15BC45902A04D9EE00F0EBB1 /* ConvenienceInit.swift */ = {isa = PBXFileReference; lastKnownFileType = sourcecode.swift; path = ConvenienceInit.swift; sourceTree = "<group>"; };
		15BC45922A04D9FD00F0EBB1 /* LayoutSupport.swift */ = {isa = PBXFileReference; lastKnownFileType = sourcecode.swift; path = LayoutSupport.swift; sourceTree = "<group>"; };
		15BC45942A04DA0900F0EBB1 /* ViewModelProtocols.swift */ = {isa = PBXFileReference; lastKnownFileType = sourcecode.swift; path = ViewModelProtocols.swift; sourceTree = "<group>"; };
		15BC45962A04DA3E00F0EBB1 /* UIButton+Combine.swift */ = {isa = PBXFileReference; lastKnownFileType = sourcecode.swift; path = "UIButton+Combine.swift"; sourceTree = "<group>"; };
		15BC45982A04DA4800F0EBB1 /* UIControl+Combine.swift */ = {isa = PBXFileReference; lastKnownFileType = sourcecode.swift; path = "UIControl+Combine.swift"; sourceTree = "<group>"; };
		15BC459A2A04DA5000F0EBB1 /* UIControl+CombineInteraction.swift */ = {isa = PBXFileReference; lastKnownFileType = sourcecode.swift; path = "UIControl+CombineInteraction.swift"; sourceTree = "<group>"; };
		15BC459C2A04DA5B00F0EBB1 /* UISwitch+Combine.swift */ = {isa = PBXFileReference; lastKnownFileType = sourcecode.swift; path = "UISwitch+Combine.swift"; sourceTree = "<group>"; };
		15BC459E2A04DA6300F0EBB1 /* UITextField+Combine.swift */ = {isa = PBXFileReference; lastKnownFileType = sourcecode.swift; path = "UITextField+Combine.swift"; sourceTree = "<group>"; };
		2EDE21FB6B04EE8FD95D3374 /* Pods_StudyMatching.framework */ = {isa = PBXFileReference; explicitFileType = wrapper.framework; includeInIndex = 0; path = Pods_StudyMatching.framework; sourceTree = BUILT_PRODUCTS_DIR; };
		4B4EE7E72A2F19C300CC62E8 /* StudyPostModel.swift */ = {isa = PBXFileReference; lastKnownFileType = sourcecode.swift; path = StudyPostModel.swift; sourceTree = "<group>"; };
		4B7EF31C2A2E2EC000973AAD /* StudyPostCell.swift */ = {isa = PBXFileReference; lastKnownFileType = sourcecode.swift; path = StudyPostCell.swift; sourceTree = "<group>"; };
		4BAF57CB2A30E5EF00DF5FF6 /* CommentCell.swift */ = {isa = PBXFileReference; lastKnownFileType = sourcecode.swift; path = CommentCell.swift; sourceTree = "<group>"; };
		4BCF97E12A2CB42500F46DA1 /* StudyPostViewController.swift */ = {isa = PBXFileReference; lastKnownFileType = sourcecode.swift; path = StudyPostViewController.swift; sourceTree = "<group>"; };
		4BCF97E52A2CB45A00F46DA1 /* ChatViewController.swift */ = {isa = PBXFileReference; lastKnownFileType = sourcecode.swift; path = ChatViewController.swift; sourceTree = "<group>"; };
		4BCF97E92A2CB49000F46DA1 /* AlertController.swift */ = {isa = PBXFileReference; lastKnownFileType = sourcecode.swift; path = AlertController.swift; sourceTree = "<group>"; };
		4BCF97ED2A2CB4C300F46DA1 /* ProfileViewController.swift */ = {isa = PBXFileReference; lastKnownFileType = sourcecode.swift; path = ProfileViewController.swift; sourceTree = "<group>"; };
		4BCF97F12A2CB68500F46DA1 /* MainTabBarController.swift */ = {isa = PBXFileReference; lastKnownFileType = sourcecode.swift; path = MainTabBarController.swift; sourceTree = "<group>"; };
		4BEE7B3E2A2FAF12005759DA /* StudyFeedViewController.swift */ = {isa = PBXFileReference; lastKnownFileType = sourcecode.swift; path = StudyFeedViewController.swift; sourceTree = "<group>"; };
		4BF7CB322A32151E00247D65 /* CommentModel.swift */ = {isa = PBXFileReference; lastKnownFileType = sourcecode.swift; path = CommentModel.swift; sourceTree = "<group>"; };
		CB726A973741D7AD5578A1CE /* Pods-StudyMatching.debug.xcconfig */ = {isa = PBXFileReference; includeInIndex = 1; lastKnownFileType = text.xcconfig; name = "Pods-StudyMatching.debug.xcconfig"; path = "Target Support Files/Pods-StudyMatching/Pods-StudyMatching.debug.xcconfig"; sourceTree = "<group>"; };
/* End PBXFileReference section */

/* Begin PBXFrameworksBuildPhase section */
		15BC45502A04D60100F0EBB1 /* Frameworks */ = {
			isa = PBXFrameworksBuildPhase;
			buildActionMask = 2147483647;
			files = (
				954B3EB3907231847C684CA5 /* Pods_StudyMatching.framework in Frameworks */,
			);
			runOnlyForDeploymentPostprocessing = 0;
		};
		15BC45662A04D60200F0EBB1 /* Frameworks */ = {
			isa = PBXFrameworksBuildPhase;
			buildActionMask = 2147483647;
			files = (
			);
			runOnlyForDeploymentPostprocessing = 0;
		};
		15BC45702A04D60200F0EBB1 /* Frameworks */ = {
			isa = PBXFrameworksBuildPhase;
			buildActionMask = 2147483647;
			files = (
			);
			runOnlyForDeploymentPostprocessing = 0;
		};
/* End PBXFrameworksBuildPhase section */

/* Begin PBXGroup section */
		138C2DBB2A30C0B800F5FB40 /* View */ = {
			isa = PBXGroup;
			children = (
				138C2DBC2A30C0FD00F5FB40 /* ChatCell.swift */,
			);
			path = View;
			sourceTree = "<group>";
		};
		138C2DBE2A30D50800F5FB40 /* Model */ = {
			isa = PBXGroup;
			children = (
				138C2DBF2A30D51100F5FB40 /* ChatModel.swift */,
			);
			path = Model;
			sourceTree = "<group>";
		};
		138C2DC12A30FCF500F5FB40 /* ViewModel */ = {
			isa = PBXGroup;
			children = (
				138C2DC22A30FD0900F5FB40 /* ChatViewModel.swift */,
			);
			path = ViewModel;
			sourceTree = "<group>";
		};
		151DB91D2A2E509800AF3BED /* Login */ = {
			isa = PBXGroup;
			children = (
				154C67F92A2EFC5E0043EB35 /* Model */,
				151DB92A2A2E70CB00AF3BED /* Extension */,
				151DB9272A2E62B600AF3BED /* Protocol */,
				151DB9212A2E5CAC00AF3BED /* View */,
				151DB91E2A2E50A900AF3BED /* ViewController */,
				154C67F42A2EF9210043EB35 /* ViewModel */,
			);
			path = Login;
			sourceTree = "<group>";
		};
		151DB91E2A2E50A900AF3BED /* ViewController */ = {
			isa = PBXGroup;
			children = (
				151DB91F2A2E50BB00AF3BED /* LoginViewController.swift */,
			);
			path = ViewController;
			sourceTree = "<group>";
		};
		151DB9212A2E5CAC00AF3BED /* View */ = {
			isa = PBXGroup;
			children = (
				151DB9222A2E5CBA00AF3BED /* LoginView.swift */,
				151DB9252A2E621F00AF3BED /* LoginHelperView.swift */,
			);
			path = View;
			sourceTree = "<group>";
		};
		151DB9272A2E62B600AF3BED /* Protocol */ = {
			isa = PBXGroup;
			children = (
				151DB9282A2E62BE00AF3BED /* LoginHelperViewDelegate.swift */,
			);
			path = Protocol;
			sourceTree = "<group>";
		};
		151DB92A2A2E70CB00AF3BED /* Extension */ = {
			isa = PBXGroup;
			children = (
				151DB92D2A2E70DC00AF3BED /* Constant */,
				154C67F72A2EF97D0043EB35 /* LoginViewModel+Associatedtype.swift */,
			);
			path = Extension;
			sourceTree = "<group>";
		};
		151DB92D2A2E70DC00AF3BED /* Constant */ = {
			isa = PBXGroup;
			children = (
				151DB92B2A2E70D200AF3BED /* LoginView+Constant.swift */,
				151DB92E2A2E710100AF3BED /* LoginHelperView+Constant.swift */,
			);
			path = Constant;
			sourceTree = "<group>";
		};
		152E52452A2BB06B00987CA8 /* View */ = {
			isa = PBXGroup;
			children = (
				152E52462A2BB07C00987CA8 /* AuthenticationTextField.swift */,
			);
			path = View;
			sourceTree = "<group>";
		};
		152E52492A2BB10300987CA8 /* Authentication */ = {
			isa = PBXGroup;
			children = (
				152E524B2A2BB11400987CA8 /* Common */,
				151DB91D2A2E509800AF3BED /* Login */,
				152E524A2A2BB10C00987CA8 /* SignUp */,
			);
			path = Authentication;
			sourceTree = "<group>";
		};
		152E524A2A2BB10C00987CA8 /* SignUp */ = {
			isa = PBXGroup;
			children = (
				152E524C2A2BB11D00987CA8 /* ViewController */,
			);
			path = SignUp;
			sourceTree = "<group>";
		};
		152E524B2A2BB11400987CA8 /* Common */ = {
			isa = PBXGroup;
			children = (
				152E52522A2BB19E00987CA8 /* Model */,
				152E524F2A2BB16900987CA8 /* Extension */,
				152E52452A2BB06B00987CA8 /* View */,
			);
			path = Common;
			sourceTree = "<group>";
		};
		152E524C2A2BB11D00987CA8 /* ViewController */ = {
			isa = PBXGroup;
			children = (
				152E524D2A2BB12C00987CA8 /* SignUpViewController.swift */,
			);
			path = ViewController;
			sourceTree = "<group>";
		};
		152E524F2A2BB16900987CA8 /* Extension */ = {
			isa = PBXGroup;
			children = (
				152E52502A2BB17C00987CA8 /* AuthenticationTextField+Constant.swift */,
			);
			path = Extension;
			sourceTree = "<group>";
		};
		152E52522A2BB19E00987CA8 /* Model */ = {
			isa = PBXGroup;
			children = (
				152E52532A2BB1B300987CA8 /* AuthenticationTextFieldInputState.swift */,
				154C67E92A2E7DBB0043EB35 /* AuthenticationTFRightViewImageCase.swift */,
			);
			path = Model;
			sourceTree = "<group>";
		};
		152E52552A2BB1C500987CA8 /* Extension */ = {
			isa = PBXGroup;
			children = (
				154C67EE2A2EF4240043EB35 /* UIView */,
				152E525A2A2BB22E00987CA8 /* UIColor */,
			);
			path = Extension;
			sourceTree = "<group>";
		};
		152E525A2A2BB22E00987CA8 /* UIColor */ = {
			isa = PBXGroup;
			children = (
				152E52582A2BB20900987CA8 /* UIColor+Hex.swift */,
				152E52562A2BB1D800987CA8 /* UIColor+Palette.swift */,
			);
			path = UIColor;
			sourceTree = "<group>";
		};
		152E525B2A2BB23700987CA8 /* Model */ = {
			isa = PBXGroup;
			children = (
				152E525C2A2BB24400987CA8 /* UISpacing.swift */,
			);
			path = Model;
			sourceTree = "<group>";
		};
		154C67EE2A2EF4240043EB35 /* UIView */ = {
			isa = PBXGroup;
			children = (
				154C67EC2A2EF4160043EB35 /* UIView+AnimateShrinkAndBack.swift */,
				154C67F22A2EF5A30043EB35 /* UIView+AnimateHalfAlphaAndBack.swift */,
			);
			path = UIView;
			sourceTree = "<group>";
		};
		154C67F42A2EF9210043EB35 /* ViewModel */ = {
			isa = PBXGroup;
			children = (
				154C67F52A2EF93B0043EB35 /* LoginViewModel.swift */,
			);
			path = ViewModel;
			sourceTree = "<group>";
		};
		154C67F92A2EFC5E0043EB35 /* Model */ = {
			isa = PBXGroup;
			children = (
				154C67FC2A2EFCA10043EB35 /* LoginConstant.swift */,
				154C67FA2A2EFC660043EB35 /* LoginEntity.swift */,
			);
			path = Model;
			sourceTree = "<group>";
		};
		15BC454A2A04D60100F0EBB1 = {
			isa = PBXGroup;
			children = (
				15BC458B2A04D78F00F0EBB1 /* .swiftlint.yml */,
				15BC45552A04D60100F0EBB1 /* Source */,
				15BC456C2A04D60200F0EBB1 /* StudyMatchingTests */,
				15BC45762A04D60200F0EBB1 /* StudyMatchingUITests */,
				15BC45542A04D60100F0EBB1 /* Products */,
				27569C8CBE7079617A1A4249 /* Pods */,
				768405331EAD32CAC5E11E45 /* Frameworks */,
			);
			sourceTree = "<group>";
		};
		15BC45542A04D60100F0EBB1 /* Products */ = {
			isa = PBXGroup;
			children = (
				15BC45532A04D60100F0EBB1 /* StudyMatching.app */,
				15BC45692A04D60200F0EBB1 /* StudyMatchingTests.xctest */,
				15BC45732A04D60200F0EBB1 /* StudyMatchingUITests.xctest */,
			);
			name = Products;
			sourceTree = "<group>";
		};
		15BC45552A04D60100F0EBB1 /* Source */ = {
			isa = PBXGroup;
			children = (
				15BC458D2A04D96000F0EBB1 /* Common */,
				15BC45892A04D62F00F0EBB1 /* Feature */,
				15BC45862A04D61A00F0EBB1 /* Support */,
			);
			path = Source;
			sourceTree = "<group>";
		};
		15BC456C2A04D60200F0EBB1 /* StudyMatchingTests */ = {
			isa = PBXGroup;
			children = (
				15BC456D2A04D60200F0EBB1 /* StudyMatchingTests.swift */,
			);
			path = StudyMatchingTests;
			sourceTree = "<group>";
		};
		15BC45762A04D60200F0EBB1 /* StudyMatchingUITests */ = {
			isa = PBXGroup;
			children = (
				15BC45772A04D60200F0EBB1 /* StudyMatchingUITests.swift */,
				15BC45792A04D60200F0EBB1 /* StudyMatchingUITestsLaunchTests.swift */,
			);
			path = StudyMatchingUITests;
			sourceTree = "<group>";
		};
		15BC45862A04D61A00F0EBB1 /* Support */ = {
			isa = PBXGroup;
			children = (
				15BC45612A04D60200F0EBB1 /* LaunchScreen.storyboard */,
				15BC45562A04D60100F0EBB1 /* AppDelegate.swift */,
				15BC45582A04D60100F0EBB1 /* SceneDelegate.swift */,
				15BC45642A04D60200F0EBB1 /* Info.plist */,
				15BC455F2A04D60200F0EBB1 /* Assets.xcassets */,
			);
			path = Support;
			sourceTree = "<group>";
		};
		15BC45892A04D62F00F0EBB1 /* Feature */ = {
			isa = PBXGroup;
			children = (
				152E52492A2BB10300987CA8 /* Authentication */,
				4BCF97EF2A2CB64600F46DA1 /* Main */,
				4BCF97DF2A2CB3EE00F46DA1 /* Home */,
				4BCF97E32A2CB43700F46DA1 /* Chat */,
				4BCF97E72A2CB46A00F46DA1 /* Alert */,
				4BCF97EB2A2CB49F00F46DA1 /* Profile */,
			);
			path = Feature;
			sourceTree = "<group>";
		};
		15BC458D2A04D96000F0EBB1 /* Common */ = {
			isa = PBXGroup;
			children = (
				152E525B2A2BB23700987CA8 /* Model */,
				152E52552A2BB1C500987CA8 /* Extension */,
				15BC458F2A04D9DF00F0EBB1 /* Protocol */,
				15BC458E2A04D9D300F0EBB1 /* CombineCocoa */,
			);
			path = Common;
			sourceTree = "<group>";
		};
		15BC458E2A04D9D300F0EBB1 /* CombineCocoa */ = {
			isa = PBXGroup;
			children = (
				15BC45962A04DA3E00F0EBB1 /* UIButton+Combine.swift */,
				15BC45982A04DA4800F0EBB1 /* UIControl+Combine.swift */,
				15BC459A2A04DA5000F0EBB1 /* UIControl+CombineInteraction.swift */,
				15BC459C2A04DA5B00F0EBB1 /* UISwitch+Combine.swift */,
				15BC459E2A04DA6300F0EBB1 /* UITextField+Combine.swift */,
			);
			path = CombineCocoa;
			sourceTree = "<group>";
		};
		15BC458F2A04D9DF00F0EBB1 /* Protocol */ = {
			isa = PBXGroup;
			children = (
				15BC45902A04D9EE00F0EBB1 /* ConvenienceInit.swift */,
				15BC45922A04D9FD00F0EBB1 /* LayoutSupport.swift */,
				15BC45942A04DA0900F0EBB1 /* ViewModelProtocols.swift */,
			);
			path = Protocol;
			sourceTree = "<group>";
		};
		27569C8CBE7079617A1A4249 /* Pods */ = {
			isa = PBXGroup;
			children = (
				CB726A973741D7AD5578A1CE /* Pods-StudyMatching.debug.xcconfig */,
				107E61E7D5C0FC965C2D3642 /* Pods-StudyMatching.release.xcconfig */,
			);
			path = Pods;
			sourceTree = "<group>";
		};
		4B4EE7E62A2F199100CC62E8 /* Model */ = {
			isa = PBXGroup;
			children = (
				4B4EE7E72A2F19C300CC62E8 /* StudyPostModel.swift */,
				4BF7CB322A32151E00247D65 /* CommentModel.swift */,
			);
			path = Model;
			sourceTree = "<group>";
		};
		4BCF97DF2A2CB3EE00F46DA1 /* Home */ = {
			isa = PBXGroup;
			children = (
				4B4EE7E62A2F199100CC62E8 /* Model */,
				4BCF97E02A2CB40300F46DA1 /* ViewController */,
			);
			path = Home;
			sourceTree = "<group>";
		};
		4BCF97E02A2CB40300F46DA1 /* ViewController */ = {
			isa = PBXGroup;
			children = (
				4BCF97E12A2CB42500F46DA1 /* StudyPostViewController.swift */,
				4BEE7B3E2A2FAF12005759DA /* StudyFeedViewController.swift */,
				4B7EF31C2A2E2EC000973AAD /* StudyPostCell.swift */,
				4BAF57CB2A30E5EF00DF5FF6 /* CommentCell.swift */,
			);
			path = ViewController;
			sourceTree = "<group>";
		};
		4BCF97E32A2CB43700F46DA1 /* Chat */ = {
			isa = PBXGroup;
			children = (
				138C2DC12A30FCF500F5FB40 /* ViewModel */,
				138C2DBE2A30D50800F5FB40 /* Model */,
				138C2DBB2A30C0B800F5FB40 /* View */,
				4BCF97E42A2CB44300F46DA1 /* ViewController */,
			);
			path = Chat;
			sourceTree = "<group>";
		};
		4BCF97E42A2CB44300F46DA1 /* ViewController */ = {
			isa = PBXGroup;
			children = (
				4BCF97E52A2CB45A00F46DA1 /* ChatViewController.swift */,
			);
			path = ViewController;
			sourceTree = "<group>";
		};
		4BCF97E72A2CB46A00F46DA1 /* Alert */ = {
			isa = PBXGroup;
			children = (
				4BCF97E82A2CB47700F46DA1 /* ViewController */,
			);
			path = Alert;
			sourceTree = "<group>";
		};
		4BCF97E82A2CB47700F46DA1 /* ViewController */ = {
			isa = PBXGroup;
			children = (
				4BCF97E92A2CB49000F46DA1 /* AlertController.swift */,
			);
			path = ViewController;
			sourceTree = "<group>";
		};
		4BCF97EB2A2CB49F00F46DA1 /* Profile */ = {
			isa = PBXGroup;
			children = (
				4BCF97EC2A2CB4AA00F46DA1 /* ViewController */,
			);
			path = Profile;
			sourceTree = "<group>";
		};
		4BCF97EC2A2CB4AA00F46DA1 /* ViewController */ = {
			isa = PBXGroup;
			children = (
				4BCF97ED2A2CB4C300F46DA1 /* ProfileViewController.swift */,
			);
			path = ViewController;
			sourceTree = "<group>";
		};
		4BCF97EF2A2CB64600F46DA1 /* Main */ = {
			isa = PBXGroup;
			children = (
				4BCF97F02A2CB65100F46DA1 /* ViewController */,
			);
			name = Main;
			path = Authentication/Main;
			sourceTree = "<group>";
		};
		4BCF97F02A2CB65100F46DA1 /* ViewController */ = {
			isa = PBXGroup;
			children = (
				4BCF97F12A2CB68500F46DA1 /* MainTabBarController.swift */,
			);
			path = ViewController;
			sourceTree = "<group>";
		};
		768405331EAD32CAC5E11E45 /* Frameworks */ = {
			isa = PBXGroup;
			children = (
				2EDE21FB6B04EE8FD95D3374 /* Pods_StudyMatching.framework */,
			);
			name = Frameworks;
			sourceTree = "<group>";
		};
/* End PBXGroup section */

/* Begin PBXNativeTarget section */
		15BC45522A04D60100F0EBB1 /* StudyMatching */ = {
			isa = PBXNativeTarget;
			buildConfigurationList = 15BC457D2A04D60200F0EBB1 /* Build configuration list for PBXNativeTarget "StudyMatching" */;
			buildPhases = (
				E2AB135BB318446A1B7C7129 /* [CP] Check Pods Manifest.lock */,
				15BC454F2A04D60100F0EBB1 /* Sources */,
				15BC45502A04D60100F0EBB1 /* Frameworks */,
				15BC45512A04D60100F0EBB1 /* Resources */,
				15BC458A2A04D74600F0EBB1 /* ShellScript */,
				E121AB77E058A8A807181768 /* [CP] Embed Pods Frameworks */,
			);
			buildRules = (
			);
			dependencies = (
			);
			name = StudyMatching;
			productName = StudyMatching;
			productReference = 15BC45532A04D60100F0EBB1 /* StudyMatching.app */;
			productType = "com.apple.product-type.application";
		};
		15BC45682A04D60200F0EBB1 /* StudyMatchingTests */ = {
			isa = PBXNativeTarget;
			buildConfigurationList = 15BC45802A04D60200F0EBB1 /* Build configuration list for PBXNativeTarget "StudyMatchingTests" */;
			buildPhases = (
				15BC45652A04D60200F0EBB1 /* Sources */,
				15BC45662A04D60200F0EBB1 /* Frameworks */,
				15BC45672A04D60200F0EBB1 /* Resources */,
			);
			buildRules = (
			);
			dependencies = (
				15BC456B2A04D60200F0EBB1 /* PBXTargetDependency */,
			);
			name = StudyMatchingTests;
			productName = StudyMatchingTests;
			productReference = 15BC45692A04D60200F0EBB1 /* StudyMatchingTests.xctest */;
			productType = "com.apple.product-type.bundle.unit-test";
		};
		15BC45722A04D60200F0EBB1 /* StudyMatchingUITests */ = {
			isa = PBXNativeTarget;
			buildConfigurationList = 15BC45832A04D60200F0EBB1 /* Build configuration list for PBXNativeTarget "StudyMatchingUITests" */;
			buildPhases = (
				15BC456F2A04D60200F0EBB1 /* Sources */,
				15BC45702A04D60200F0EBB1 /* Frameworks */,
				15BC45712A04D60200F0EBB1 /* Resources */,
			);
			buildRules = (
			);
			dependencies = (
				15BC45752A04D60200F0EBB1 /* PBXTargetDependency */,
			);
			name = StudyMatchingUITests;
			productName = StudyMatchingUITests;
			productReference = 15BC45732A04D60200F0EBB1 /* StudyMatchingUITests.xctest */;
			productType = "com.apple.product-type.bundle.ui-testing";
		};
/* End PBXNativeTarget section */

/* Begin PBXProject section */
		15BC454B2A04D60100F0EBB1 /* Project object */ = {
			isa = PBXProject;
			attributes = {
				BuildIndependentTargetsInParallel = 1;
				LastSwiftUpdateCheck = 1430;
				LastUpgradeCheck = 1430;
				TargetAttributes = {
					15BC45522A04D60100F0EBB1 = {
						CreatedOnToolsVersion = 14.3;
					};
					15BC45682A04D60200F0EBB1 = {
						CreatedOnToolsVersion = 14.3;
						TestTargetID = 15BC45522A04D60100F0EBB1;
					};
					15BC45722A04D60200F0EBB1 = {
						CreatedOnToolsVersion = 14.3;
						TestTargetID = 15BC45522A04D60100F0EBB1;
					};
				};
			};
			buildConfigurationList = 15BC454E2A04D60100F0EBB1 /* Build configuration list for PBXProject "StudyMatching" */;
			compatibilityVersion = "Xcode 14.0";
			developmentRegion = en;
			hasScannedForEncodings = 0;
			knownRegions = (
				en,
				Base,
			);
			mainGroup = 15BC454A2A04D60100F0EBB1;
			productRefGroup = 15BC45542A04D60100F0EBB1 /* Products */;
			projectDirPath = "";
			projectRoot = "";
			targets = (
				15BC45522A04D60100F0EBB1 /* StudyMatching */,
				15BC45682A04D60200F0EBB1 /* StudyMatchingTests */,
				15BC45722A04D60200F0EBB1 /* StudyMatchingUITests */,
			);
		};
/* End PBXProject section */

/* Begin PBXResourcesBuildPhase section */
		15BC45512A04D60100F0EBB1 /* Resources */ = {
			isa = PBXResourcesBuildPhase;
			buildActionMask = 2147483647;
			files = (
				15BC458C2A04D78F00F0EBB1 /* .swiftlint.yml in Resources */,
				15BC45632A04D60200F0EBB1 /* LaunchScreen.storyboard in Resources */,
				15BC45602A04D60200F0EBB1 /* Assets.xcassets in Resources */,
			);
			runOnlyForDeploymentPostprocessing = 0;
		};
		15BC45672A04D60200F0EBB1 /* Resources */ = {
			isa = PBXResourcesBuildPhase;
			buildActionMask = 2147483647;
			files = (
			);
			runOnlyForDeploymentPostprocessing = 0;
		};
		15BC45712A04D60200F0EBB1 /* Resources */ = {
			isa = PBXResourcesBuildPhase;
			buildActionMask = 2147483647;
			files = (
			);
			runOnlyForDeploymentPostprocessing = 0;
		};
/* End PBXResourcesBuildPhase section */

/* Begin PBXShellScriptBuildPhase section */
		15BC458A2A04D74600F0EBB1 /* ShellScript */ = {
			isa = PBXShellScriptBuildPhase;
			alwaysOutOfDate = 1;
			buildActionMask = 2147483647;
			files = (
			);
			inputFileListPaths = (
			);
			inputPaths = (
			);
			outputFileListPaths = (
			);
			outputPaths = (
			);
			runOnlyForDeploymentPostprocessing = 0;
			shellPath = /bin/sh;
			shellScript = "${PODS_ROOT}/SwiftLint/swiftlint\n";
		};
		E121AB77E058A8A807181768 /* [CP] Embed Pods Frameworks */ = {
			isa = PBXShellScriptBuildPhase;
			buildActionMask = 2147483647;
			files = (
			);
			inputFileListPaths = (
				"${PODS_ROOT}/Target Support Files/Pods-StudyMatching/Pods-StudyMatching-frameworks-${CONFIGURATION}-input-files.xcfilelist",
			);
			name = "[CP] Embed Pods Frameworks";
			outputFileListPaths = (
				"${PODS_ROOT}/Target Support Files/Pods-StudyMatching/Pods-StudyMatching-frameworks-${CONFIGURATION}-output-files.xcfilelist",
			);
			runOnlyForDeploymentPostprocessing = 0;
			shellPath = /bin/sh;
			shellScript = "\"${PODS_ROOT}/Target Support Files/Pods-StudyMatching/Pods-StudyMatching-frameworks.sh\"\n";
			showEnvVarsInLog = 0;
		};
		E2AB135BB318446A1B7C7129 /* [CP] Check Pods Manifest.lock */ = {
			isa = PBXShellScriptBuildPhase;
			buildActionMask = 2147483647;
			files = (
			);
			inputFileListPaths = (
			);
			inputPaths = (
				"${PODS_PODFILE_DIR_PATH}/Podfile.lock",
				"${PODS_ROOT}/Manifest.lock",
			);
			name = "[CP] Check Pods Manifest.lock";
			outputFileListPaths = (
			);
			outputPaths = (
				"$(DERIVED_FILE_DIR)/Pods-StudyMatching-checkManifestLockResult.txt",
			);
			runOnlyForDeploymentPostprocessing = 0;
			shellPath = /bin/sh;
			shellScript = "diff \"${PODS_PODFILE_DIR_PATH}/Podfile.lock\" \"${PODS_ROOT}/Manifest.lock\" > /dev/null\nif [ $? != 0 ] ; then\n    # print error to STDERR\n    echo \"error: The sandbox is not in sync with the Podfile.lock. Run 'pod install' or update your CocoaPods installation.\" >&2\n    exit 1\nfi\n# This output is used by Xcode 'outputs' to avoid re-running this script phase.\necho \"SUCCESS\" > \"${SCRIPT_OUTPUT_FILE_0}\"\n";
			showEnvVarsInLog = 0;
		};
/* End PBXShellScriptBuildPhase section */

/* Begin PBXSourcesBuildPhase section */
		15BC454F2A04D60100F0EBB1 /* Sources */ = {
			isa = PBXSourcesBuildPhase;
			buildActionMask = 2147483647;
			files = (
				4BA067DD2A2F7D2000D88051 /* AuthenticationTextFieldInputState.swift in Sources */,
				15BC45972A04DA3E00F0EBB1 /* UIButton+Combine.swift in Sources */,
				4B4EE7E82A2F19C300CC62E8 /* StudyPostModel.swift in Sources */,
				154C67FD2A2EFCA10043EB35 /* LoginConstant.swift in Sources */,
				151DB92F2A2E710100AF3BED /* LoginHelperView+Constant.swift in Sources */,
				4BCF97E22A2CB42500F46DA1 /* StudyPostViewController.swift in Sources */,
				151DB9202A2E50BB00AF3BED /* LoginViewController.swift in Sources */,
				152E52592A2BB20900987CA8 /* UIColor+Hex.swift in Sources */,
				151DB9292A2E62BE00AF3BED /* LoginHelperViewDelegate.swift in Sources */,
				4BCF97EA2A2CB49000F46DA1 /* AlertController.swift in Sources */,
				151DB9232A2E5CBA00AF3BED /* LoginView.swift in Sources */,
				15BC45992A04DA4800F0EBB1 /* UIControl+Combine.swift in Sources */,
				4BCF97F22A2CB68500F46DA1 /* MainTabBarController.swift in Sources */,
				4BCF97EE2A2CB4C300F46DA1 /* ProfileViewController.swift in Sources */,
				154C67FB2A2EFC660043EB35 /* LoginEntity.swift in Sources */,
				15BC45952A04DA0900F0EBB1 /* ViewModelProtocols.swift in Sources */,
				15BC459D2A04DA5B00F0EBB1 /* UISwitch+Combine.swift in Sources */,
				4BF7CB332A32151E00247D65 /* CommentModel.swift in Sources */,
				152E52472A2BB07C00987CA8 /* AuthenticationTextField.swift in Sources */,
				152E52572A2BB1D800987CA8 /* UIColor+Palette.swift in Sources */,
				15BC45932A04D9FD00F0EBB1 /* LayoutSupport.swift in Sources */,
				15BC45912A04D9EE00F0EBB1 /* ConvenienceInit.swift in Sources */,
				154C67F32A2EF5A30043EB35 /* UIView+AnimateHalfAlphaAndBack.swift in Sources */,
				15BC459B2A04DA5000F0EBB1 /* UIControl+CombineInteraction.swift in Sources */,
				138C2DBD2A30C0FD00F5FB40 /* ChatCell.swift in Sources */,
				154C67F62A2EF93B0043EB35 /* LoginViewModel.swift in Sources */,
				4BEE7B3F2A2FAF12005759DA /* StudyFeedViewController.swift in Sources */,
				152E52512A2BB17C00987CA8 /* AuthenticationTextField+Constant.swift in Sources */,
				4BAF57CC2A30E5EF00DF5FF6 /* CommentCell.swift in Sources */,
				152E525D2A2BB24400987CA8 /* UISpacing.swift in Sources */,
				4B7EF31D2A2E2EC000973AAD /* StudyPostCell.swift in Sources */,
				151DB92C2A2E70D200AF3BED /* LoginView+Constant.swift in Sources */,
				151DB9262A2E621F00AF3BED /* LoginHelperView.swift in Sources */,
				15BC45572A04D60100F0EBB1 /* AppDelegate.swift in Sources */,
				154C67EA2A2E7DBB0043EB35 /* AuthenticationTFRightViewImageCase.swift in Sources */,
				154C67F82A2EF97D0043EB35 /* LoginViewModel+Associatedtype.swift in Sources */,
				154C67ED2A2EF4160043EB35 /* UIView+AnimateShrinkAndBack.swift in Sources */,
				138C2DC02A30D51100F5FB40 /* ChatModel.swift in Sources */,
				15BC45592A04D60100F0EBB1 /* SceneDelegate.swift in Sources */,
				152E524E2A2BB12C00987CA8 /* SignUpViewController.swift in Sources */,
				4BCF97E62A2CB45A00F46DA1 /* ChatViewController.swift in Sources */,
				138C2DC32A30FD0900F5FB40 /* ChatViewModel.swift in Sources */,
				15BC459F2A04DA6300F0EBB1 /* UITextField+Combine.swift in Sources */,
			);
			runOnlyForDeploymentPostprocessing = 0;
		};
		15BC45652A04D60200F0EBB1 /* Sources */ = {
			isa = PBXSourcesBuildPhase;
			buildActionMask = 2147483647;
			files = (
				15BC456E2A04D60200F0EBB1 /* StudyMatchingTests.swift in Sources */,
			);
			runOnlyForDeploymentPostprocessing = 0;
		};
		15BC456F2A04D60200F0EBB1 /* Sources */ = {
			isa = PBXSourcesBuildPhase;
			buildActionMask = 2147483647;
			files = (
				15BC45782A04D60200F0EBB1 /* StudyMatchingUITests.swift in Sources */,
				15BC457A2A04D60200F0EBB1 /* StudyMatchingUITestsLaunchTests.swift in Sources */,
			);
			runOnlyForDeploymentPostprocessing = 0;
		};
/* End PBXSourcesBuildPhase section */

/* Begin PBXTargetDependency section */
		15BC456B2A04D60200F0EBB1 /* PBXTargetDependency */ = {
			isa = PBXTargetDependency;
			target = 15BC45522A04D60100F0EBB1 /* StudyMatching */;
			targetProxy = 15BC456A2A04D60200F0EBB1 /* PBXContainerItemProxy */;
		};
		15BC45752A04D60200F0EBB1 /* PBXTargetDependency */ = {
			isa = PBXTargetDependency;
			target = 15BC45522A04D60100F0EBB1 /* StudyMatching */;
			targetProxy = 15BC45742A04D60200F0EBB1 /* PBXContainerItemProxy */;
		};
/* End PBXTargetDependency section */

/* Begin PBXVariantGroup section */
		15BC45612A04D60200F0EBB1 /* LaunchScreen.storyboard */ = {
			isa = PBXVariantGroup;
			children = (
				15BC45622A04D60200F0EBB1 /* Base */,
			);
			name = LaunchScreen.storyboard;
			sourceTree = "<group>";
		};
/* End PBXVariantGroup section */

/* Begin XCBuildConfiguration section */
		15BC457B2A04D60200F0EBB1 /* Debug */ = {
			isa = XCBuildConfiguration;
			buildSettings = {
				ALWAYS_SEARCH_USER_PATHS = NO;
				CLANG_ANALYZER_NONNULL = YES;
				CLANG_ANALYZER_NUMBER_OBJECT_CONVERSION = YES_AGGRESSIVE;
				CLANG_CXX_LANGUAGE_STANDARD = "gnu++20";
				CLANG_ENABLE_MODULES = YES;
				CLANG_ENABLE_OBJC_ARC = YES;
				CLANG_ENABLE_OBJC_WEAK = YES;
				CLANG_WARN_BLOCK_CAPTURE_AUTORELEASING = YES;
				CLANG_WARN_BOOL_CONVERSION = YES;
				CLANG_WARN_COMMA = YES;
				CLANG_WARN_CONSTANT_CONVERSION = YES;
				CLANG_WARN_DEPRECATED_OBJC_IMPLEMENTATIONS = YES;
				CLANG_WARN_DIRECT_OBJC_ISA_USAGE = YES_ERROR;
				CLANG_WARN_DOCUMENTATION_COMMENTS = YES;
				CLANG_WARN_EMPTY_BODY = YES;
				CLANG_WARN_ENUM_CONVERSION = YES;
				CLANG_WARN_INFINITE_RECURSION = YES;
				CLANG_WARN_INT_CONVERSION = YES;
				CLANG_WARN_NON_LITERAL_NULL_CONVERSION = YES;
				CLANG_WARN_OBJC_IMPLICIT_RETAIN_SELF = YES;
				CLANG_WARN_OBJC_LITERAL_CONVERSION = YES;
				CLANG_WARN_OBJC_ROOT_CLASS = YES_ERROR;
				CLANG_WARN_QUOTED_INCLUDE_IN_FRAMEWORK_HEADER = YES;
				CLANG_WARN_RANGE_LOOP_ANALYSIS = YES;
				CLANG_WARN_STRICT_PROTOTYPES = YES;
				CLANG_WARN_SUSPICIOUS_MOVE = YES;
				CLANG_WARN_UNGUARDED_AVAILABILITY = YES_AGGRESSIVE;
				CLANG_WARN_UNREACHABLE_CODE = YES;
				CLANG_WARN__DUPLICATE_METHOD_MATCH = YES;
				COPY_PHASE_STRIP = NO;
				DEBUG_INFORMATION_FORMAT = dwarf;
				ENABLE_STRICT_OBJC_MSGSEND = YES;
				ENABLE_TESTABILITY = YES;
				GCC_C_LANGUAGE_STANDARD = gnu11;
				GCC_DYNAMIC_NO_PIC = NO;
				GCC_NO_COMMON_BLOCKS = YES;
				GCC_OPTIMIZATION_LEVEL = 0;
				GCC_PREPROCESSOR_DEFINITIONS = (
					"DEBUG=1",
					"$(inherited)",
				);
				GCC_WARN_64_TO_32_BIT_CONVERSION = YES;
				GCC_WARN_ABOUT_RETURN_TYPE = YES_ERROR;
				GCC_WARN_UNDECLARED_SELECTOR = YES;
				GCC_WARN_UNINITIALIZED_AUTOS = YES_AGGRESSIVE;
				GCC_WARN_UNUSED_FUNCTION = YES;
				GCC_WARN_UNUSED_VARIABLE = YES;
				IPHONEOS_DEPLOYMENT_TARGET = 13.0;
				MTL_ENABLE_DEBUG_INFO = INCLUDE_SOURCE;
				MTL_FAST_MATH = YES;
				ONLY_ACTIVE_ARCH = YES;
				SDKROOT = iphoneos;
				SWIFT_ACTIVE_COMPILATION_CONDITIONS = DEBUG;
				SWIFT_OPTIMIZATION_LEVEL = "-Onone";
			};
			name = Debug;
		};
		15BC457C2A04D60200F0EBB1 /* Release */ = {
			isa = XCBuildConfiguration;
			buildSettings = {
				ALWAYS_SEARCH_USER_PATHS = NO;
				CLANG_ANALYZER_NONNULL = YES;
				CLANG_ANALYZER_NUMBER_OBJECT_CONVERSION = YES_AGGRESSIVE;
				CLANG_CXX_LANGUAGE_STANDARD = "gnu++20";
				CLANG_ENABLE_MODULES = YES;
				CLANG_ENABLE_OBJC_ARC = YES;
				CLANG_ENABLE_OBJC_WEAK = YES;
				CLANG_WARN_BLOCK_CAPTURE_AUTORELEASING = YES;
				CLANG_WARN_BOOL_CONVERSION = YES;
				CLANG_WARN_COMMA = YES;
				CLANG_WARN_CONSTANT_CONVERSION = YES;
				CLANG_WARN_DEPRECATED_OBJC_IMPLEMENTATIONS = YES;
				CLANG_WARN_DIRECT_OBJC_ISA_USAGE = YES_ERROR;
				CLANG_WARN_DOCUMENTATION_COMMENTS = YES;
				CLANG_WARN_EMPTY_BODY = YES;
				CLANG_WARN_ENUM_CONVERSION = YES;
				CLANG_WARN_INFINITE_RECURSION = YES;
				CLANG_WARN_INT_CONVERSION = YES;
				CLANG_WARN_NON_LITERAL_NULL_CONVERSION = YES;
				CLANG_WARN_OBJC_IMPLICIT_RETAIN_SELF = YES;
				CLANG_WARN_OBJC_LITERAL_CONVERSION = YES;
				CLANG_WARN_OBJC_ROOT_CLASS = YES_ERROR;
				CLANG_WARN_QUOTED_INCLUDE_IN_FRAMEWORK_HEADER = YES;
				CLANG_WARN_RANGE_LOOP_ANALYSIS = YES;
				CLANG_WARN_STRICT_PROTOTYPES = YES;
				CLANG_WARN_SUSPICIOUS_MOVE = YES;
				CLANG_WARN_UNGUARDED_AVAILABILITY = YES_AGGRESSIVE;
				CLANG_WARN_UNREACHABLE_CODE = YES;
				CLANG_WARN__DUPLICATE_METHOD_MATCH = YES;
				COPY_PHASE_STRIP = NO;
				DEBUG_INFORMATION_FORMAT = "dwarf-with-dsym";
				ENABLE_NS_ASSERTIONS = NO;
				ENABLE_STRICT_OBJC_MSGSEND = YES;
				GCC_C_LANGUAGE_STANDARD = gnu11;
				GCC_NO_COMMON_BLOCKS = YES;
				GCC_WARN_64_TO_32_BIT_CONVERSION = YES;
				GCC_WARN_ABOUT_RETURN_TYPE = YES_ERROR;
				GCC_WARN_UNDECLARED_SELECTOR = YES;
				GCC_WARN_UNINITIALIZED_AUTOS = YES_AGGRESSIVE;
				GCC_WARN_UNUSED_FUNCTION = YES;
				GCC_WARN_UNUSED_VARIABLE = YES;
				IPHONEOS_DEPLOYMENT_TARGET = 13.0;
				MTL_ENABLE_DEBUG_INFO = NO;
				MTL_FAST_MATH = YES;
				SDKROOT = iphoneos;
				SWIFT_COMPILATION_MODE = wholemodule;
				SWIFT_OPTIMIZATION_LEVEL = "-O";
				VALIDATE_PRODUCT = YES;
			};
			name = Release;
		};
		15BC457E2A04D60200F0EBB1 /* Debug */ = {
			isa = XCBuildConfiguration;
			baseConfigurationReference = CB726A973741D7AD5578A1CE /* Pods-StudyMatching.debug.xcconfig */;
			buildSettings = {
				ASSETCATALOG_COMPILER_APPICON_NAME = AppIcon;
				ASSETCATALOG_COMPILER_GLOBAL_ACCENT_COLOR_NAME = AccentColor;
				CODE_SIGN_STYLE = Automatic;
				CURRENT_PROJECT_VERSION = 1;
				DEVELOPMENT_TEAM = GHGPAZGBBT;
				GENERATE_INFOPLIST_FILE = YES;
				INFOPLIST_FILE = Source/Support/Info.plist;
				INFOPLIST_KEY_UIApplicationSupportsIndirectInputEvents = YES;
				INFOPLIST_KEY_UILaunchStoryboardName = LaunchScreen;
				INFOPLIST_KEY_UISupportedInterfaceOrientations_iPad = "UIInterfaceOrientationPortrait UIInterfaceOrientationPortraitUpsideDown UIInterfaceOrientationLandscapeLeft UIInterfaceOrientationLandscapeRight";
				INFOPLIST_KEY_UISupportedInterfaceOrientations_iPhone = "UIInterfaceOrientationPortrait UIInterfaceOrientationLandscapeLeft UIInterfaceOrientationLandscapeRight";
				IPHONEOS_DEPLOYMENT_TARGET = 13.0;
				LD_RUNPATH_SEARCH_PATHS = (
					"$(inherited)",
					"@executable_path/Frameworks",
				);
				MARKETING_VERSION = 1.0;
				PRODUCT_BUNDLE_IDENTIFIER = SH.StudyMatching;
				PRODUCT_NAME = "$(TARGET_NAME)";
				SWIFT_EMIT_LOC_STRINGS = YES;
				SWIFT_VERSION = 5.0;
				TARGETED_DEVICE_FAMILY = "1,2";
			};
			name = Debug;
		};
		15BC457F2A04D60200F0EBB1 /* Release */ = {
			isa = XCBuildConfiguration;
			baseConfigurationReference = 107E61E7D5C0FC965C2D3642 /* Pods-StudyMatching.release.xcconfig */;
			buildSettings = {
				ASSETCATALOG_COMPILER_APPICON_NAME = AppIcon;
				ASSETCATALOG_COMPILER_GLOBAL_ACCENT_COLOR_NAME = AccentColor;
				CODE_SIGN_STYLE = Automatic;
				CURRENT_PROJECT_VERSION = 1;
				DEVELOPMENT_TEAM = GHGPAZGBBT;
				GENERATE_INFOPLIST_FILE = YES;
				INFOPLIST_FILE = Source/Support/Info.plist;
				INFOPLIST_KEY_UIApplicationSupportsIndirectInputEvents = YES;
				INFOPLIST_KEY_UILaunchStoryboardName = LaunchScreen;
				INFOPLIST_KEY_UISupportedInterfaceOrientations_iPad = "UIInterfaceOrientationPortrait UIInterfaceOrientationPortraitUpsideDown UIInterfaceOrientationLandscapeLeft UIInterfaceOrientationLandscapeRight";
				INFOPLIST_KEY_UISupportedInterfaceOrientations_iPhone = "UIInterfaceOrientationPortrait UIInterfaceOrientationLandscapeLeft UIInterfaceOrientationLandscapeRight";
				IPHONEOS_DEPLOYMENT_TARGET = 13.0;
				LD_RUNPATH_SEARCH_PATHS = (
					"$(inherited)",
					"@executable_path/Frameworks",
				);
				MARKETING_VERSION = 1.0;
				PRODUCT_BUNDLE_IDENTIFIER = SH.StudyMatching;
				PRODUCT_NAME = "$(TARGET_NAME)";
				SWIFT_EMIT_LOC_STRINGS = YES;
				SWIFT_VERSION = 5.0;
				TARGETED_DEVICE_FAMILY = "1,2";
			};
			name = Release;
		};
		15BC45812A04D60200F0EBB1 /* Debug */ = {
			isa = XCBuildConfiguration;
			buildSettings = {
				ALWAYS_EMBED_SWIFT_STANDARD_LIBRARIES = YES;
				BUNDLE_LOADER = "$(TEST_HOST)";
				CODE_SIGN_STYLE = Automatic;
				CURRENT_PROJECT_VERSION = 1;
				GENERATE_INFOPLIST_FILE = YES;
				IPHONEOS_DEPLOYMENT_TARGET = 16.4;
				MARKETING_VERSION = 1.0;
				PRODUCT_BUNDLE_IDENTIFIER = SH.StudyMatchingTests;
				PRODUCT_NAME = "$(TARGET_NAME)";
				SWIFT_EMIT_LOC_STRINGS = NO;
				SWIFT_VERSION = 5.0;
				TARGETED_DEVICE_FAMILY = "1,2";
				TEST_HOST = "$(BUILT_PRODUCTS_DIR)/StudyMatching.app/$(BUNDLE_EXECUTABLE_FOLDER_PATH)/StudyMatching";
			};
			name = Debug;
		};
		15BC45822A04D60200F0EBB1 /* Release */ = {
			isa = XCBuildConfiguration;
			buildSettings = {
				ALWAYS_EMBED_SWIFT_STANDARD_LIBRARIES = YES;
				BUNDLE_LOADER = "$(TEST_HOST)";
				CODE_SIGN_STYLE = Automatic;
				CURRENT_PROJECT_VERSION = 1;
				GENERATE_INFOPLIST_FILE = YES;
				IPHONEOS_DEPLOYMENT_TARGET = 16.4;
				MARKETING_VERSION = 1.0;
				PRODUCT_BUNDLE_IDENTIFIER = SH.StudyMatchingTests;
				PRODUCT_NAME = "$(TARGET_NAME)";
				SWIFT_EMIT_LOC_STRINGS = NO;
				SWIFT_VERSION = 5.0;
				TARGETED_DEVICE_FAMILY = "1,2";
				TEST_HOST = "$(BUILT_PRODUCTS_DIR)/StudyMatching.app/$(BUNDLE_EXECUTABLE_FOLDER_PATH)/StudyMatching";
			};
			name = Release;
		};
		15BC45842A04D60200F0EBB1 /* Debug */ = {
			isa = XCBuildConfiguration;
			buildSettings = {
				ALWAYS_EMBED_SWIFT_STANDARD_LIBRARIES = YES;
				CODE_SIGN_STYLE = Automatic;
				CURRENT_PROJECT_VERSION = 1;
				GENERATE_INFOPLIST_FILE = YES;
				MARKETING_VERSION = 1.0;
				PRODUCT_BUNDLE_IDENTIFIER = SH.StudyMatchingUITests;
				PRODUCT_NAME = "$(TARGET_NAME)";
				SWIFT_EMIT_LOC_STRINGS = NO;
				SWIFT_VERSION = 5.0;
				TARGETED_DEVICE_FAMILY = "1,2";
				TEST_TARGET_NAME = StudyMatching;
			};
			name = Debug;
		};
		15BC45852A04D60200F0EBB1 /* Release */ = {
			isa = XCBuildConfiguration;
			buildSettings = {
				ALWAYS_EMBED_SWIFT_STANDARD_LIBRARIES = YES;
				CODE_SIGN_STYLE = Automatic;
				CURRENT_PROJECT_VERSION = 1;
				GENERATE_INFOPLIST_FILE = YES;
				MARKETING_VERSION = 1.0;
				PRODUCT_BUNDLE_IDENTIFIER = SH.StudyMatchingUITests;
				PRODUCT_NAME = "$(TARGET_NAME)";
				SWIFT_EMIT_LOC_STRINGS = NO;
				SWIFT_VERSION = 5.0;
				TARGETED_DEVICE_FAMILY = "1,2";
				TEST_TARGET_NAME = StudyMatching;
			};
			name = Release;
		};
/* End XCBuildConfiguration section */

/* Begin XCConfigurationList section */
		15BC454E2A04D60100F0EBB1 /* Build configuration list for PBXProject "StudyMatching" */ = {
			isa = XCConfigurationList;
			buildConfigurations = (
				15BC457B2A04D60200F0EBB1 /* Debug */,
				15BC457C2A04D60200F0EBB1 /* Release */,
			);
			defaultConfigurationIsVisible = 0;
			defaultConfigurationName = Release;
		};
		15BC457D2A04D60200F0EBB1 /* Build configuration list for PBXNativeTarget "StudyMatching" */ = {
			isa = XCConfigurationList;
			buildConfigurations = (
				15BC457E2A04D60200F0EBB1 /* Debug */,
				15BC457F2A04D60200F0EBB1 /* Release */,
			);
			defaultConfigurationIsVisible = 0;
			defaultConfigurationName = Release;
		};
		15BC45802A04D60200F0EBB1 /* Build configuration list for PBXNativeTarget "StudyMatchingTests" */ = {
			isa = XCConfigurationList;
			buildConfigurations = (
				15BC45812A04D60200F0EBB1 /* Debug */,
				15BC45822A04D60200F0EBB1 /* Release */,
			);
			defaultConfigurationIsVisible = 0;
			defaultConfigurationName = Release;
		};
		15BC45832A04D60200F0EBB1 /* Build configuration list for PBXNativeTarget "StudyMatchingUITests" */ = {
			isa = XCConfigurationList;
			buildConfigurations = (
				15BC45842A04D60200F0EBB1 /* Debug */,
				15BC45852A04D60200F0EBB1 /* Release */,
			);
			defaultConfigurationIsVisible = 0;
			defaultConfigurationName = Release;
		};
/* End XCConfigurationList section */
	};
	rootObject = 15BC454B2A04D60100F0EBB1 /* Project object */;
}
